
Microsoft Visual Studio Solution File, Format Version 12.00
# Visual Studio Version 17
VisualStudioVersion = 17.5.33627.172
MinimumVisualStudioVersion = 10.0.40219.1
Project("{888888A0-9F3D-457C-B088-3A5042F75D52}") = "myblogsite", "myblogsite.pyproj", "{D83EBD27-7FD5-406C-BF1B-9C8CB80E09C1}"
EndProject
Global
	GlobalSection(SolutionConfigurationPlatforms) = preSolution
		Debug|Any CPU = Debug|Any CPU
		Release|Any CPU = Release|Any CPU
	EndGlobalSection
	GlobalSection(ProjectConfigurationPlatforms) = postSolution
		{D83EBD27-7FD5-406C-BF1B-9C8CB80E09C1}.Debug|Any CPU.ActiveCfg = Debug|Any CPU
		{D83EBD27-7FD5-406C-BF1B-9C8CB80E09C1}.Debug|Any CPU.Build.0 = Debug|Any CPU
		{D83EBD27-7FD5-406C-BF1B-9C8CB80E09C1}.Release|Any CPU.ActiveCfg = Release|Any CPU
		{D83EBD27-7FD5-406C-BF1B-9C8CB80E09C1}.Release|Any CPU.Build.0 = Release|Any CPU
	EndGlobalSection
	GlobalSection(SolutionProperties) = preSolution
		HideSolutionNode = FALSE
	EndGlobalSection
	GlobalSection(ExtensibilityGlobals) = postSolution
		SolutionGuid = {C7ED64D5-918C-4BA4-A7BB-D6F21ADD6F10}
	EndGlobalSection
EndGlobal
